// !$*UTF8*$!
{
	archiveVersion = 1;
	classes = {
	};
	objectVersion = 52;
	objects = {

/* Begin PBXBuildFile section */
		CF00A8982603DF1E00460255 /* FirestoreAnalyticsClientTests.swift in Sources */ = {isa = PBXBuildFile; fileRef = CF00A8972603DF1E00460255 /* FirestoreAnalyticsClientTests.swift */; };
		CF25B47325ED6F4600571C0D /* AttitudeConditionPeriodUseCaseTests.swift in Sources */ = {isa = PBXBuildFile; fileRef = CF25B47225ED6F4600571C0D /* AttitudeConditionPeriodUseCaseTests.swift */; };
		CF25B47B25ED7EE300571C0D /* UIView+Ext.swift in Sources */ = {isa = PBXBuildFile; fileRef = CF442A0725EC6BDE008EB9DA /* UIView+Ext.swift */; };
		CF2600D72600798A0028DC5B /* FirebaseAuth in Frameworks */ = {isa = PBXBuildFile; productRef = CF2600D62600798A0028DC5B /* FirebaseAuth */; };
		CF2600D92600798A0028DC5B /* FirebaseFirestore in Frameworks */ = {isa = PBXBuildFile; productRef = CF2600D82600798A0028DC5B /* FirebaseFirestore */; };
		CF2600DB2600798A0028DC5B /* FirebaseFirestoreSwift-Beta in Frameworks */ = {isa = PBXBuildFile; productRef = CF2600DA2600798A0028DC5B /* FirebaseFirestoreSwift-Beta */; };
		CF2600DF260139BF0028DC5B /* GoogleService-Info.plist in Resources */ = {isa = PBXBuildFile; fileRef = CF2600DE260139BF0028DC5B /* GoogleService-Info.plist */; };
		CF347F0F25F9DA390032E0BA /* ConditionSessionManagerTests.swift in Sources */ = {isa = PBXBuildFile; fileRef = CF347F0E25F9DA390032E0BA /* ConditionSessionManagerTests.swift */; };
		CF442A0825EC6BDE008EB9DA /* UIView+Ext.swift in Sources */ = {isa = PBXBuildFile; fileRef = CF442A0725EC6BDE008EB9DA /* UIView+Ext.swift */; };
		CF442A0E25EC6DE5008EB9DA /* UIViewController+Ext.swift in Sources */ = {isa = PBXBuildFile; fileRef = CF442A0D25EC6DE5008EB9DA /* UIViewController+Ext.swift */; };
		CF442A1125EC70A1008EB9DA /* UIViewController+Ext.swift in Sources */ = {isa = PBXBuildFile; fileRef = CF442A0D25EC6DE5008EB9DA /* UIViewController+Ext.swift */; };
		CF7407A825F98F3300FCBC5C /* SessionPolicy.swift in Sources */ = {isa = PBXBuildFile; fileRef = CF83289B25F98B4F00553CC4 /* SessionPolicy.swift */; };
		CF83287425F965D600553CC4 /* CMAttitudeMotionClient.swift in Sources */ = {isa = PBXBuildFile; fileRef = CF83287325F965D600553CC4 /* CMAttitudeMotionClient.swift */; };
		CF83287F25F9714F00553CC4 /* XCTestCase+MemoryLeakTracking.swift in Sources */ = {isa = PBXBuildFile; fileRef = CF83287E25F9714F00553CC4 /* XCTestCase+MemoryLeakTracking.swift */; };
		CF83288625F971E600553CC4 /* AttitudeMotionClientSpy.swift in Sources */ = {isa = PBXBuildFile; fileRef = CF83288525F971E600553CC4 /* AttitudeMotionClientSpy.swift */; };
		CF83288C25F9787D00553CC4 /* SessionManager.swift in Sources */ = {isa = PBXBuildFile; fileRef = CF83288B25F9787D00553CC4 /* SessionManager.swift */; };
		CF83289525F97B0000553CC4 /* SessionManager.swift in Sources */ = {isa = PBXBuildFile; fileRef = CF83288B25F9787D00553CC4 /* SessionManager.swift */; };
		CF83289C25F98B4F00553CC4 /* SessionPolicy.swift in Sources */ = {isa = PBXBuildFile; fileRef = CF83289B25F98B4F00553CC4 /* SessionPolicy.swift */; };
		CF8D2B0625EC383B008FFBC6 /* AppDelegate.swift in Sources */ = {isa = PBXBuildFile; fileRef = CF8D2B0525EC383B008FFBC6 /* AppDelegate.swift */; };
		CF8D2B0825EC383B008FFBC6 /* SceneDelegate.swift in Sources */ = {isa = PBXBuildFile; fileRef = CF8D2B0725EC383B008FFBC6 /* SceneDelegate.swift */; };
		CF8D2B0C25EC383C008FFBC6 /* Assets.xcassets in Resources */ = {isa = PBXBuildFile; fileRef = CF8D2B0B25EC383C008FFBC6 /* Assets.xcassets */; };
		CF8D2B0F25EC383C008FFBC6 /* Preview Assets.xcassets in Resources */ = {isa = PBXBuildFile; fileRef = CF8D2B0E25EC383C008FFBC6 /* Preview Assets.xcassets */; };
		CF8D2B1225EC383C008FFBC6 /* LaunchScreen.storyboard in Resources */ = {isa = PBXBuildFile; fileRef = CF8D2B1025EC383C008FFBC6 /* LaunchScreen.storyboard */; };
		CF92AF0C25F5B6AA0044E588 /* AttitudeConditionService.swift in Sources */ = {isa = PBXBuildFile; fileRef = CF92AF0B25F5B6AA0044E588 /* AttitudeConditionService.swift */; };
		CF92AF1025F5B73B0044E588 /* AttitudeMotionClient.swift in Sources */ = {isa = PBXBuildFile; fileRef = CF92AF0F25F5B73B0044E588 /* AttitudeMotionClient.swift */; };
		CF92AF1425F5B7C80044E588 /* ConditionService.swift in Sources */ = {isa = PBXBuildFile; fileRef = CF92AF1325F5B7C80044E588 /* ConditionService.swift */; };
		CF92AF1D25F5B9FE0044E588 /* AttitudeMotionClient.swift in Sources */ = {isa = PBXBuildFile; fileRef = CF92AF0F25F5B73B0044E588 /* AttitudeMotionClient.swift */; };
		CF92AF1E25F5B9FE0044E588 /* ConditionService.swift in Sources */ = {isa = PBXBuildFile; fileRef = CF92AF1325F5B7C80044E588 /* ConditionService.swift */; };
		CF92AF1F25F5B9FE0044E588 /* AttitudeConditionService.swift in Sources */ = {isa = PBXBuildFile; fileRef = CF92AF0B25F5B6AA0044E588 /* AttitudeConditionService.swift */; };
		CFBF4DCD25FFF7D900BE040D /* ConditionServiceSpy.swift in Sources */ = {isa = PBXBuildFile; fileRef = CFBF4DCC25FFF7D900BE040D /* ConditionServiceSpy.swift */; };
		CFBF4DD425FFF82F00BE040D /* ConditionSessionManager.swift in Sources */ = {isa = PBXBuildFile; fileRef = CFBF4DD325FFF82F00BE040D /* ConditionSessionManager.swift */; };
		CFBF4DD725FFF86900BE040D /* ConditionSessionManager.swift in Sources */ = {isa = PBXBuildFile; fileRef = CFBF4DD325FFF82F00BE040D /* ConditionSessionManager.swift */; };
		CFBF4DF625FFFE2700BE040D /* ConditionSessionPolicy.swift in Sources */ = {isa = PBXBuildFile; fileRef = CFBF4DF525FFFE2700BE040D /* ConditionSessionPolicy.swift */; };
		CFBF4DF725FFFE2700BE040D /* ConditionSessionPolicy.swift in Sources */ = {isa = PBXBuildFile; fileRef = CFBF4DF525FFFE2700BE040D /* ConditionSessionPolicy.swift */; };
		CFBF4E1F260046BF00BE040D /* Double+Ext.swift in Sources */ = {isa = PBXBuildFile; fileRef = CFBF4E1E260046BF00BE040D /* Double+Ext.swift */; };
		CFC8E7B72616B09700F3F750 /* FirestoreAnalyticsClient.swift in Sources */ = {isa = PBXBuildFile; fileRef = CFC8E7B62616B09700F3F750 /* FirestoreAnalyticsClient.swift */; };
		CFC8E7BC2616B15100F3F750 /* FirestoreAnalyticsClient.swift in Sources */ = {isa = PBXBuildFile; fileRef = CFC8E7B62616B09700F3F750 /* FirestoreAnalyticsClient.swift */; };
		CFCCCAF225EC5A84002F7289 /* BrowserViewController.swift in Sources */ = {isa = PBXBuildFile; fileRef = CFCCCAF125EC5A84002F7289 /* BrowserViewController.swift */; };
		CFCCCAF625EC5AAF002F7289 /* SocialMedium.swift in Sources */ = {isa = PBXBuildFile; fileRef = CFCCCAF525EC5AAF002F7289 /* SocialMedium.swift */; };
		CFCCCB0025EC5C75002F7289 /* SocialMedium.swift in Sources */ = {isa = PBXBuildFile; fileRef = CFCCCAF525EC5AAF002F7289 /* SocialMedium.swift */; };
		CFD437D125F98D6A00EBD905 /* AttitudeConditionTestHelpers.swift in Sources */ = {isa = PBXBuildFile; fileRef = CFD437D025F98D6A00EBD905 /* AttitudeConditionTestHelpers.swift */; };
		CFD437DF25F98E0A00EBD905 /* ConditionSessionManagerTestsHelpers.swift in Sources */ = {isa = PBXBuildFile; fileRef = CFD437DE25F98E0A00EBD905 /* ConditionSessionManagerTestsHelpers.swift */; };
		CFD8BD2A2607DA7000A59BEA /* SocialPopoverController.swift in Sources */ = {isa = PBXBuildFile; fileRef = CFD8BD292607DA7000A59BEA /* SocialPopoverController.swift */; };
		CFD8BD3026080F6300A59BEA /* PopoverTableView.swift in Sources */ = {isa = PBXBuildFile; fileRef = CFD8BD2F26080F6300A59BEA /* PopoverTableView.swift */; };
		CFD8BD36260814A300A59BEA /* UITableView+Ext.swift in Sources */ = {isa = PBXBuildFile; fileRef = CFD8BD35260814A300A59BEA /* UITableView+Ext.swift */; };
		CFD8BD3A2608172300A59BEA /* URL+Ext.swift in Sources */ = {isa = PBXBuildFile; fileRef = CFD8BD392608172300A59BEA /* URL+Ext.swift */; };
		CFD8BD462608465300A59BEA /* BrowserToolbar.swift in Sources */ = {isa = PBXBuildFile; fileRef = CFD8BD452608465300A59BEA /* BrowserToolbar.swift */; };
/* End PBXBuildFile section */

/* Begin PBXContainerItemProxy section */
		CF8D2B2325EC38F2008FFBC6 /* PBXContainerItemProxy */ = {
			isa = PBXContainerItemProxy;
			containerPortal = CF8D2AFA25EC383B008FFBC6 /* Project object */;
			proxyType = 1;
			remoteGlobalIDString = CF8D2B0125EC383B008FFBC6;
			remoteInfo = "Social-Intervention";
		};
/* End PBXContainerItemProxy section */

/* Begin PBXFileReference section */
		CF00A8972603DF1E00460255 /* FirestoreAnalyticsClientTests.swift */ = {isa = PBXFileReference; lastKnownFileType = sourcecode.swift; path = FirestoreAnalyticsClientTests.swift; sourceTree = "<group>"; };
		CF25B47225ED6F4600571C0D /* AttitudeConditionPeriodUseCaseTests.swift */ = {isa = PBXFileReference; lastKnownFileType = sourcecode.swift; path = AttitudeConditionPeriodUseCaseTests.swift; sourceTree = "<group>"; };
		CF2600DE260139BF0028DC5B /* GoogleService-Info.plist */ = {isa = PBXFileReference; fileEncoding = 4; lastKnownFileType = text.plist.xml; path = "GoogleService-Info.plist"; sourceTree = "<group>"; };
		CF347F0E25F9DA390032E0BA /* ConditionSessionManagerTests.swift */ = {isa = PBXFileReference; lastKnownFileType = sourcecode.swift; path = ConditionSessionManagerTests.swift; sourceTree = "<group>"; };
		CF41683525F440FE00E21F61 /* Requirements.md */ = {isa = PBXFileReference; lastKnownFileType = net.daringfireball.markdown; path = Requirements.md; sourceTree = "<group>"; };
		CF442A0725EC6BDE008EB9DA /* UIView+Ext.swift */ = {isa = PBXFileReference; lastKnownFileType = sourcecode.swift; path = "UIView+Ext.swift"; sourceTree = "<group>"; };
		CF442A0D25EC6DE5008EB9DA /* UIViewController+Ext.swift */ = {isa = PBXFileReference; lastKnownFileType = sourcecode.swift; path = "UIViewController+Ext.swift"; sourceTree = "<group>"; };
		CF83287325F965D600553CC4 /* CMAttitudeMotionClient.swift */ = {isa = PBXFileReference; lastKnownFileType = sourcecode.swift; path = CMAttitudeMotionClient.swift; sourceTree = "<group>"; };
		CF83287E25F9714F00553CC4 /* XCTestCase+MemoryLeakTracking.swift */ = {isa = PBXFileReference; lastKnownFileType = sourcecode.swift; path = "XCTestCase+MemoryLeakTracking.swift"; sourceTree = "<group>"; };
		CF83288525F971E600553CC4 /* AttitudeMotionClientSpy.swift */ = {isa = PBXFileReference; lastKnownFileType = sourcecode.swift; path = AttitudeMotionClientSpy.swift; sourceTree = "<group>"; };
		CF83288B25F9787D00553CC4 /* SessionManager.swift */ = {isa = PBXFileReference; lastKnownFileType = sourcecode.swift; name = SessionManager.swift; path = "Social-Intervention/Session/SessionManager.swift"; sourceTree = SOURCE_ROOT; };
		CF83289B25F98B4F00553CC4 /* SessionPolicy.swift */ = {isa = PBXFileReference; lastKnownFileType = sourcecode.swift; path = SessionPolicy.swift; sourceTree = "<group>"; };
		CF8D2B0225EC383B008FFBC6 /* Social-Intervention.app */ = {isa = PBXFileReference; explicitFileType = wrapper.application; includeInIndex = 0; path = "Social-Intervention.app"; sourceTree = BUILT_PRODUCTS_DIR; };
		CF8D2B0525EC383B008FFBC6 /* AppDelegate.swift */ = {isa = PBXFileReference; lastKnownFileType = sourcecode.swift; path = AppDelegate.swift; sourceTree = "<group>"; };
		CF8D2B0725EC383B008FFBC6 /* SceneDelegate.swift */ = {isa = PBXFileReference; lastKnownFileType = sourcecode.swift; path = SceneDelegate.swift; sourceTree = "<group>"; };
		CF8D2B0B25EC383C008FFBC6 /* Assets.xcassets */ = {isa = PBXFileReference; lastKnownFileType = folder.assetcatalog; path = Assets.xcassets; sourceTree = "<group>"; };
		CF8D2B0E25EC383C008FFBC6 /* Preview Assets.xcassets */ = {isa = PBXFileReference; lastKnownFileType = folder.assetcatalog; path = "Preview Assets.xcassets"; sourceTree = "<group>"; };
		CF8D2B1125EC383C008FFBC6 /* Base */ = {isa = PBXFileReference; lastKnownFileType = file.storyboard; name = Base; path = Base.lproj/LaunchScreen.storyboard; sourceTree = "<group>"; };
		CF8D2B1325EC383C008FFBC6 /* Info.plist */ = {isa = PBXFileReference; lastKnownFileType = text.plist.xml; path = Info.plist; sourceTree = "<group>"; };
		CF8D2B1E25EC38F2008FFBC6 /* Social-InterventionTests.xctest */ = {isa = PBXFileReference; explicitFileType = wrapper.cfbundle; includeInIndex = 0; path = "Social-InterventionTests.xctest"; sourceTree = BUILT_PRODUCTS_DIR; };
		CF8D2B2225EC38F2008FFBC6 /* Info.plist */ = {isa = PBXFileReference; lastKnownFileType = text.plist.xml; path = Info.plist; sourceTree = "<group>"; };
		CF92AF0B25F5B6AA0044E588 /* AttitudeConditionService.swift */ = {isa = PBXFileReference; lastKnownFileType = sourcecode.swift; path = AttitudeConditionService.swift; sourceTree = "<group>"; };
		CF92AF0F25F5B73B0044E588 /* AttitudeMotionClient.swift */ = {isa = PBXFileReference; lastKnownFileType = sourcecode.swift; path = AttitudeMotionClient.swift; sourceTree = "<group>"; };
		CF92AF1325F5B7C80044E588 /* ConditionService.swift */ = {isa = PBXFileReference; lastKnownFileType = sourcecode.swift; path = ConditionService.swift; sourceTree = "<group>"; };
		CFBF4DCC25FFF7D900BE040D /* ConditionServiceSpy.swift */ = {isa = PBXFileReference; lastKnownFileType = sourcecode.swift; path = ConditionServiceSpy.swift; sourceTree = "<group>"; };
		CFBF4DD325FFF82F00BE040D /* ConditionSessionManager.swift */ = {isa = PBXFileReference; lastKnownFileType = sourcecode.swift; path = ConditionSessionManager.swift; sourceTree = "<group>"; };
		CFBF4DF525FFFE2700BE040D /* ConditionSessionPolicy.swift */ = {isa = PBXFileReference; lastKnownFileType = sourcecode.swift; path = ConditionSessionPolicy.swift; sourceTree = "<group>"; };
		CFBF4E1E260046BF00BE040D /* Double+Ext.swift */ = {isa = PBXFileReference; lastKnownFileType = sourcecode.swift; path = "Double+Ext.swift"; sourceTree = "<group>"; };
		CFC8E7B62616B09700F3F750 /* FirestoreAnalyticsClient.swift */ = {isa = PBXFileReference; lastKnownFileType = sourcecode.swift; path = FirestoreAnalyticsClient.swift; sourceTree = "<group>"; };
		CFCCCAF125EC5A84002F7289 /* BrowserViewController.swift */ = {isa = PBXFileReference; fileEncoding = 4; lastKnownFileType = sourcecode.swift; path = BrowserViewController.swift; sourceTree = "<group>"; };
		CFCCCAF525EC5AAF002F7289 /* SocialMedium.swift */ = {isa = PBXFileReference; lastKnownFileType = sourcecode.swift; path = SocialMedium.swift; sourceTree = "<group>"; };
		CFD437D025F98D6A00EBD905 /* AttitudeConditionTestHelpers.swift */ = {isa = PBXFileReference; lastKnownFileType = sourcecode.swift; path = AttitudeConditionTestHelpers.swift; sourceTree = "<group>"; };
		CFD437DE25F98E0A00EBD905 /* ConditionSessionManagerTestsHelpers.swift */ = {isa = PBXFileReference; lastKnownFileType = sourcecode.swift; path = ConditionSessionManagerTestsHelpers.swift; sourceTree = "<group>"; };
		CFD8BD292607DA7000A59BEA /* SocialPopoverController.swift */ = {isa = PBXFileReference; lastKnownFileType = sourcecode.swift; path = SocialPopoverController.swift; sourceTree = "<group>"; };
		CFD8BD2F26080F6300A59BEA /* PopoverTableView.swift */ = {isa = PBXFileReference; lastKnownFileType = sourcecode.swift; path = PopoverTableView.swift; sourceTree = "<group>"; };
		CFD8BD35260814A300A59BEA /* UITableView+Ext.swift */ = {isa = PBXFileReference; lastKnownFileType = sourcecode.swift; path = "UITableView+Ext.swift"; sourceTree = "<group>"; };
		CFD8BD392608172300A59BEA /* URL+Ext.swift */ = {isa = PBXFileReference; lastKnownFileType = sourcecode.swift; path = "URL+Ext.swift"; sourceTree = "<group>"; };
		CFD8BD452608465300A59BEA /* BrowserToolbar.swift */ = {isa = PBXFileReference; lastKnownFileType = sourcecode.swift; path = BrowserToolbar.swift; sourceTree = "<group>"; };
/* End PBXFileReference section */

/* Begin PBXFrameworksBuildPhase section */
		CF8D2AFF25EC383B008FFBC6 /* Frameworks */ = {
			isa = PBXFrameworksBuildPhase;
			buildActionMask = 2147483647;
			files = (
				CF2600DB2600798A0028DC5B /* FirebaseFirestoreSwift-Beta in Frameworks */,
				CF2600D72600798A0028DC5B /* FirebaseAuth in Frameworks */,
				CF2600D92600798A0028DC5B /* FirebaseFirestore in Frameworks */,
			);
			runOnlyForDeploymentPostprocessing = 0;
		};
		CF8D2B1B25EC38F2008FFBC6 /* Frameworks */ = {
			isa = PBXFrameworksBuildPhase;
			buildActionMask = 2147483647;
			files = (
			);
			runOnlyForDeploymentPostprocessing = 0;
		};
/* End PBXFrameworksBuildPhase section */

/* Begin PBXGroup section */
		CF00A8962603DEF700460255 /* Analytics */ = {
			isa = PBXGroup;
			children = (
				CF00A8972603DF1E00460255 /* FirestoreAnalyticsClientTests.swift */,
			);
			path = Analytics;
			sourceTree = "<group>";
		};
		CF442A0625EC6BCF008EB9DA /* Extensions */ = {
			isa = PBXGroup;
			children = (
				CF442A0725EC6BDE008EB9DA /* UIView+Ext.swift */,
				CF442A0D25EC6DE5008EB9DA /* UIViewController+Ext.swift */,
				CFBF4E1E260046BF00BE040D /* Double+Ext.swift */,
				CFD8BD35260814A300A59BEA /* UITableView+Ext.swift */,
				CFD8BD392608172300A59BEA /* URL+Ext.swift */,
			);
			path = Extensions;
			sourceTree = "<group>";
		};
		CF442A1825EC8B26008EB9DA /* Conditions */ = {
			isa = PBXGroup;
			children = (
				CFD371C725F74A840097B97F /* Protocols */,
				CF92AF0B25F5B6AA0044E588 /* AttitudeConditionService.swift */,
				CF83287325F965D600553CC4 /* CMAttitudeMotionClient.swift */,
			);
			path = Conditions;
			sourceTree = "<group>";
		};
		CF83287D25F9713D00553CC4 /* Helpers */ = {
			isa = PBXGroup;
			children = (
				CF83287E25F9714F00553CC4 /* XCTestCase+MemoryLeakTracking.swift */,
			);
			path = Helpers;
			sourceTree = "<group>";
		};
		CF83288425F971AB00553CC4 /* AttitudeCondition */ = {
			isa = PBXGroup;
			children = (
				CFBF4E0725FFFF3D00BE040D /* Helpers */,
				CF25B47225ED6F4600571C0D /* AttitudeConditionPeriodUseCaseTests.swift */,
			);
			path = AttitudeCondition;
			sourceTree = "<group>";
		};
		CF8D2AF925EC383B008FFBC6 = {
			isa = PBXGroup;
			children = (
				CF41683525F440FE00E21F61 /* Requirements.md */,
				CF8D2B0425EC383B008FFBC6 /* Social-Intervention */,
				CF8D2B1F25EC38F2008FFBC6 /* Social-InterventionTests */,
				CF8D2B0325EC383B008FFBC6 /* Products */,
			);
			sourceTree = "<group>";
		};
		CF8D2B0325EC383B008FFBC6 /* Products */ = {
			isa = PBXGroup;
			children = (
				CF8D2B0225EC383B008FFBC6 /* Social-Intervention.app */,
				CF8D2B1E25EC38F2008FFBC6 /* Social-InterventionTests.xctest */,
			);
			name = Products;
			sourceTree = "<group>";
		};
		CF8D2B0425EC383B008FFBC6 /* Social-Intervention */ = {
			isa = PBXGroup;
			children = (
				CFC8E7B52616B08B00F3F750 /* Analytics */,
				CFBF4DF025FFFDB700BE040D /* Session */,
				CF442A1825EC8B26008EB9DA /* Conditions */,
				CF442A0625EC6BCF008EB9DA /* Extensions */,
				CF8D2B4025EC5A1C008FFBC6 /* Browser */,
				CF8D2B0525EC383B008FFBC6 /* AppDelegate.swift */,
				CF8D2B0725EC383B008FFBC6 /* SceneDelegate.swift */,
				CF8D2B0B25EC383C008FFBC6 /* Assets.xcassets */,
				CF8D2B1025EC383C008FFBC6 /* LaunchScreen.storyboard */,
				CF8D2B1325EC383C008FFBC6 /* Info.plist */,
				CF2600DE260139BF0028DC5B /* GoogleService-Info.plist */,
				CF8D2B0D25EC383C008FFBC6 /* Preview Content */,
			);
			path = "Social-Intervention";
			sourceTree = "<group>";
		};
		CF8D2B0D25EC383C008FFBC6 /* Preview Content */ = {
			isa = PBXGroup;
			children = (
				CF8D2B0E25EC383C008FFBC6 /* Preview Assets.xcassets */,
			);
			path = "Preview Content";
			sourceTree = "<group>";
		};
		CF8D2B1F25EC38F2008FFBC6 /* Social-InterventionTests */ = {
			isa = PBXGroup;
			children = (
				CF83287D25F9713D00553CC4 /* Helpers */,
				CF00A8962603DEF700460255 /* Analytics */,
				CFBF4DFC25FFFEAD00BE040D /* Sessions */,
				CF83288425F971AB00553CC4 /* AttitudeCondition */,
				CF8D2B2225EC38F2008FFBC6 /* Info.plist */,
			);
			path = "Social-InterventionTests";
			sourceTree = "<group>";
		};
		CF8D2B4025EC5A1C008FFBC6 /* Browser */ = {
			isa = PBXGroup;
			children = (
				CFD8BD452608465300A59BEA /* BrowserToolbar.swift */,
				CFCCCAF525EC5AAF002F7289 /* SocialMedium.swift */,
				CFCCCAF125EC5A84002F7289 /* BrowserViewController.swift */,
				CFD8BD292607DA7000A59BEA /* SocialPopoverController.swift */,
				CFD8BD2F26080F6300A59BEA /* PopoverTableView.swift */,
			);
			path = Browser;
			sourceTree = "<group>";
		};
		CFBF4DD025FFF7EE00BE040D /* Helpers */ = {
			isa = PBXGroup;
			children = (
				CFD437DE25F98E0A00EBD905 /* ConditionSessionManagerTestsHelpers.swift */,
				CFBF4DCC25FFF7D900BE040D /* ConditionServiceSpy.swift */,
			);
			path = Helpers;
			sourceTree = "<group>";
		};
		CFBF4DF025FFFDB700BE040D /* Session */ = {
			isa = PBXGroup;
			children = (
				CF83289B25F98B4F00553CC4 /* SessionPolicy.swift */,
				CF83288B25F9787D00553CC4 /* SessionManager.swift */,
				CFBF4DF525FFFE2700BE040D /* ConditionSessionPolicy.swift */,
				CFBF4DD325FFF82F00BE040D /* ConditionSessionManager.swift */,
			);
			path = Session;
			sourceTree = "<group>";
		};
		CFBF4DFC25FFFEAD00BE040D /* Sessions */ = {
			isa = PBXGroup;
			children = (
				CFBF4DD025FFF7EE00BE040D /* Helpers */,
				CF347F0E25F9DA390032E0BA /* ConditionSessionManagerTests.swift */,
			);
			path = Sessions;
			sourceTree = "<group>";
		};
		CFBF4E0725FFFF3D00BE040D /* Helpers */ = {
			isa = PBXGroup;
			children = (
				CFD437D025F98D6A00EBD905 /* AttitudeConditionTestHelpers.swift */,
				CF83288525F971E600553CC4 /* AttitudeMotionClientSpy.swift */,
			);
			path = Helpers;
			sourceTree = "<group>";
		};
		CFC8E7B52616B08B00F3F750 /* Analytics */ = {
			isa = PBXGroup;
			children = (
				CFC8E7B62616B09700F3F750 /* FirestoreAnalyticsClient.swift */,
			);
			path = Analytics;
			sourceTree = "<group>";
		};
		CFD371C725F74A840097B97F /* Protocols */ = {
			isa = PBXGroup;
			children = (
				CF92AF1325F5B7C80044E588 /* ConditionService.swift */,
				CF92AF0F25F5B73B0044E588 /* AttitudeMotionClient.swift */,
			);
			path = Protocols;
			sourceTree = "<group>";
		};
/* End PBXGroup section */

/* Begin PBXNativeTarget section */
		CF8D2B0125EC383B008FFBC6 /* Social-Intervention */ = {
			isa = PBXNativeTarget;
			buildConfigurationList = CF8D2B1625EC383C008FFBC6 /* Build configuration list for PBXNativeTarget "Social-Intervention" */;
			buildPhases = (
				CF8D2AFE25EC383B008FFBC6 /* Sources */,
				CF8D2AFF25EC383B008FFBC6 /* Frameworks */,
				CF8D2B0025EC383B008FFBC6 /* Resources */,
			);
			buildRules = (
			);
			dependencies = (
			);
			name = "Social-Intervention";
			packageProductDependencies = (
				CF2600D62600798A0028DC5B /* FirebaseAuth */,
				CF2600D82600798A0028DC5B /* FirebaseFirestore */,
				CF2600DA2600798A0028DC5B /* FirebaseFirestoreSwift-Beta */,
			);
			productName = "Social-Intervention";
			productReference = CF8D2B0225EC383B008FFBC6 /* Social-Intervention.app */;
			productType = "com.apple.product-type.application";
		};
		CF8D2B1D25EC38F2008FFBC6 /* Social-InterventionTests */ = {
			isa = PBXNativeTarget;
			buildConfigurationList = CF8D2B2525EC38F2008FFBC6 /* Build configuration list for PBXNativeTarget "Social-InterventionTests" */;
			buildPhases = (
				CF8D2B1A25EC38F2008FFBC6 /* Sources */,
				CF8D2B1B25EC38F2008FFBC6 /* Frameworks */,
				CF8D2B1C25EC38F2008FFBC6 /* Resources */,
			);
			buildRules = (
			);
			dependencies = (
				CF8D2B2425EC38F2008FFBC6 /* PBXTargetDependency */,
			);
			name = "Social-InterventionTests";
			productName = "Social-InterventionTests";
			productReference = CF8D2B1E25EC38F2008FFBC6 /* Social-InterventionTests.xctest */;
			productType = "com.apple.product-type.bundle.unit-test";
		};
/* End PBXNativeTarget section */

/* Begin PBXProject section */
		CF8D2AFA25EC383B008FFBC6 /* Project object */ = {
			isa = PBXProject;
			attributes = {
				LastSwiftUpdateCheck = 1240;
				LastUpgradeCheck = 1240;
				TargetAttributes = {
					CF8D2B0125EC383B008FFBC6 = {
						CreatedOnToolsVersion = 12.4;
					};
					CF8D2B1D25EC38F2008FFBC6 = {
						CreatedOnToolsVersion = 12.4;
						TestTargetID = CF8D2B0125EC383B008FFBC6;
					};
				};
			};
			buildConfigurationList = CF8D2AFD25EC383B008FFBC6 /* Build configuration list for PBXProject "Social-Intervention" */;
			compatibilityVersion = "Xcode 9.3";
			developmentRegion = en;
			hasScannedForEncodings = 0;
			knownRegions = (
				en,
				Base,
			);
			mainGroup = CF8D2AF925EC383B008FFBC6;
			packageReferences = (
				CF2600D52600798A0028DC5B /* XCRemoteSwiftPackageReference "firebase-ios-sdk" */,
			);
			productRefGroup = CF8D2B0325EC383B008FFBC6 /* Products */;
			projectDirPath = "";
			projectRoot = "";
			targets = (
				CF8D2B0125EC383B008FFBC6 /* Social-Intervention */,
				CF8D2B1D25EC38F2008FFBC6 /* Social-InterventionTests */,
			);
		};
/* End PBXProject section */

/* Begin PBXResourcesBuildPhase section */
		CF8D2B0025EC383B008FFBC6 /* Resources */ = {
			isa = PBXResourcesBuildPhase;
			buildActionMask = 2147483647;
			files = (
				CF8D2B1225EC383C008FFBC6 /* LaunchScreen.storyboard in Resources */,
				CF2600DF260139BF0028DC5B /* GoogleService-Info.plist in Resources */,
				CF8D2B0F25EC383C008FFBC6 /* Preview Assets.xcassets in Resources */,
				CF8D2B0C25EC383C008FFBC6 /* Assets.xcassets in Resources */,
			);
			runOnlyForDeploymentPostprocessing = 0;
		};
		CF8D2B1C25EC38F2008FFBC6 /* Resources */ = {
			isa = PBXResourcesBuildPhase;
			buildActionMask = 2147483647;
			files = (
			);
			runOnlyForDeploymentPostprocessing = 0;
		};
/* End PBXResourcesBuildPhase section */

/* Begin PBXSourcesBuildPhase section */
		CF8D2AFE25EC383B008FFBC6 /* Sources */ = {
			isa = PBXSourcesBuildPhase;
			buildActionMask = 2147483647;
			files = (
				CF83289C25F98B4F00553CC4 /* SessionPolicy.swift in Sources */,
				CF92AF1425F5B7C80044E588 /* ConditionService.swift in Sources */,
				CFBF4DF625FFFE2700BE040D /* ConditionSessionPolicy.swift in Sources */,
				CFD8BD3A2608172300A59BEA /* URL+Ext.swift in Sources */,
				CFC8E7B72616B09700F3F750 /* FirestoreAnalyticsClient.swift in Sources */,
				CFD8BD36260814A300A59BEA /* UITableView+Ext.swift in Sources */,
				CFD8BD2A2607DA7000A59BEA /* SocialPopoverController.swift in Sources */,
				CF92AF1025F5B73B0044E588 /* AttitudeMotionClient.swift in Sources */,
				CFD8BD3026080F6300A59BEA /* PopoverTableView.swift in Sources */,
				CF8D2B0625EC383B008FFBC6 /* AppDelegate.swift in Sources */,
				CFBF4E1F260046BF00BE040D /* Double+Ext.swift in Sources */,
				CF92AF0C25F5B6AA0044E588 /* AttitudeConditionService.swift in Sources */,
				CFCCCAF625EC5AAF002F7289 /* SocialMedium.swift in Sources */,
				CFCCCAF225EC5A84002F7289 /* BrowserViewController.swift in Sources */,
				CF442A0825EC6BDE008EB9DA /* UIView+Ext.swift in Sources */,
				CF8D2B0825EC383B008FFBC6 /* SceneDelegate.swift in Sources */,
				CF442A0E25EC6DE5008EB9DA /* UIViewController+Ext.swift in Sources */,
				CF83288C25F9787D00553CC4 /* SessionManager.swift in Sources */,
				CF83287425F965D600553CC4 /* CMAttitudeMotionClient.swift in Sources */,
				CFD8BD462608465300A59BEA /* BrowserToolbar.swift in Sources */,
				CFBF4DD425FFF82F00BE040D /* ConditionSessionManager.swift in Sources */,
			);
			runOnlyForDeploymentPostprocessing = 0;
		};
		CF8D2B1A25EC38F2008FFBC6 /* Sources */ = {
			isa = PBXSourcesBuildPhase;
			buildActionMask = 2147483647;
			files = (
				CF83287F25F9714F00553CC4 /* XCTestCase+MemoryLeakTracking.swift in Sources */,
				CF7407A825F98F3300FCBC5C /* SessionPolicy.swift in Sources */,
				CFC8E7BC2616B15100F3F750 /* FirestoreAnalyticsClient.swift in Sources */,
				CF00A8982603DF1E00460255 /* FirestoreAnalyticsClientTests.swift in Sources */,
				CFD437D125F98D6A00EBD905 /* AttitudeConditionTestHelpers.swift in Sources */,
				CF92AF1E25F5B9FE0044E588 /* ConditionService.swift in Sources */,
				CF92AF1D25F5B9FE0044E588 /* AttitudeMotionClient.swift in Sources */,
				CF83288625F971E600553CC4 /* AttitudeMotionClientSpy.swift in Sources */,
				CFBF4DCD25FFF7D900BE040D /* ConditionServiceSpy.swift in Sources */,
				CFBF4DF725FFFE2700BE040D /* ConditionSessionPolicy.swift in Sources */,
				CF92AF1F25F5B9FE0044E588 /* AttitudeConditionService.swift in Sources */,
				CFBF4DD725FFF86900BE040D /* ConditionSessionManager.swift in Sources */,
				CF442A1125EC70A1008EB9DA /* UIViewController+Ext.swift in Sources */,
				CF347F0F25F9DA390032E0BA /* ConditionSessionManagerTests.swift in Sources */,
				CFCCCB0025EC5C75002F7289 /* SocialMedium.swift in Sources */,
				CF83289525F97B0000553CC4 /* SessionManager.swift in Sources */,
				CFD437DF25F98E0A00EBD905 /* ConditionSessionManagerTestsHelpers.swift in Sources */,
				CF25B47B25ED7EE300571C0D /* UIView+Ext.swift in Sources */,
				CF25B47325ED6F4600571C0D /* AttitudeConditionPeriodUseCaseTests.swift in Sources */,
			);
			runOnlyForDeploymentPostprocessing = 0;
		};
/* End PBXSourcesBuildPhase section */

/* Begin PBXTargetDependency section */
		CF8D2B2425EC38F2008FFBC6 /* PBXTargetDependency */ = {
			isa = PBXTargetDependency;
			target = CF8D2B0125EC383B008FFBC6 /* Social-Intervention */;
			targetProxy = CF8D2B2325EC38F2008FFBC6 /* PBXContainerItemProxy */;
		};
/* End PBXTargetDependency section */

/* Begin PBXVariantGroup section */
		CF8D2B1025EC383C008FFBC6 /* LaunchScreen.storyboard */ = {
			isa = PBXVariantGroup;
			children = (
				CF8D2B1125EC383C008FFBC6 /* Base */,
			);
			name = LaunchScreen.storyboard;
			sourceTree = "<group>";
		};
/* End PBXVariantGroup section */

/* Begin XCBuildConfiguration section */
		CF8D2B1425EC383C008FFBC6 /* Debug */ = {
			isa = XCBuildConfiguration;
			buildSettings = {
				ALWAYS_SEARCH_USER_PATHS = NO;
				CLANG_ANALYZER_NONNULL = YES;
				CLANG_ANALYZER_NUMBER_OBJECT_CONVERSION = YES_AGGRESSIVE;
				CLANG_CXX_LANGUAGE_STANDARD = "gnu++14";
				CLANG_CXX_LIBRARY = "libc++";
				CLANG_ENABLE_MODULES = YES;
				CLANG_ENABLE_OBJC_ARC = YES;
				CLANG_ENABLE_OBJC_WEAK = YES;
				CLANG_WARN_BLOCK_CAPTURE_AUTORELEASING = YES;
				CLANG_WARN_BOOL_CONVERSION = YES;
				CLANG_WARN_COMMA = YES;
				CLANG_WARN_CONSTANT_CONVERSION = YES;
				CLANG_WARN_DEPRECATED_OBJC_IMPLEMENTATIONS = YES;
				CLANG_WARN_DIRECT_OBJC_ISA_USAGE = YES_ERROR;
				CLANG_WARN_DOCUMENTATION_COMMENTS = YES;
				CLANG_WARN_EMPTY_BODY = YES;
				CLANG_WARN_ENUM_CONVERSION = YES;
				CLANG_WARN_INFINITE_RECURSION = YES;
				CLANG_WARN_INT_CONVERSION = YES;
				CLANG_WARN_NON_LITERAL_NULL_CONVERSION = YES;
				CLANG_WARN_OBJC_IMPLICIT_RETAIN_SELF = YES;
				CLANG_WARN_OBJC_LITERAL_CONVERSION = YES;
				CLANG_WARN_OBJC_ROOT_CLASS = YES_ERROR;
				CLANG_WARN_QUOTED_INCLUDE_IN_FRAMEWORK_HEADER = YES;
				CLANG_WARN_RANGE_LOOP_ANALYSIS = YES;
				CLANG_WARN_STRICT_PROTOTYPES = YES;
				CLANG_WARN_SUSPICIOUS_MOVE = YES;
				CLANG_WARN_UNGUARDED_AVAILABILITY = YES_AGGRESSIVE;
				CLANG_WARN_UNREACHABLE_CODE = YES;
				CLANG_WARN__DUPLICATE_METHOD_MATCH = YES;
				COPY_PHASE_STRIP = NO;
				DEBUG_INFORMATION_FORMAT = dwarf;
				ENABLE_STRICT_OBJC_MSGSEND = YES;
				ENABLE_TESTABILITY = YES;
				GCC_C_LANGUAGE_STANDARD = gnu11;
				GCC_DYNAMIC_NO_PIC = NO;
				GCC_NO_COMMON_BLOCKS = YES;
				GCC_OPTIMIZATION_LEVEL = 0;
				GCC_PREPROCESSOR_DEFINITIONS = (
					"DEBUG=1",
					"$(inherited)",
				);
				GCC_WARN_64_TO_32_BIT_CONVERSION = YES;
				GCC_WARN_ABOUT_RETURN_TYPE = YES_ERROR;
				GCC_WARN_UNDECLARED_SELECTOR = YES;
				GCC_WARN_UNINITIALIZED_AUTOS = YES_AGGRESSIVE;
				GCC_WARN_UNUSED_FUNCTION = YES;
				GCC_WARN_UNUSED_VARIABLE = YES;
				IPHONEOS_DEPLOYMENT_TARGET = 14.1;
				MTL_ENABLE_DEBUG_INFO = INCLUDE_SOURCE;
				MTL_FAST_MATH = YES;
				ONLY_ACTIVE_ARCH = YES;
				SDKROOT = iphoneos;
				SWIFT_ACTIVE_COMPILATION_CONDITIONS = DEBUG;
				SWIFT_OPTIMIZATION_LEVEL = "-Onone";
			};
			name = Debug;
		};
		CF8D2B1525EC383C008FFBC6 /* Release */ = {
			isa = XCBuildConfiguration;
			buildSettings = {
				ALWAYS_SEARCH_USER_PATHS = NO;
				CLANG_ANALYZER_NONNULL = YES;
				CLANG_ANALYZER_NUMBER_OBJECT_CONVERSION = YES_AGGRESSIVE;
				CLANG_CXX_LANGUAGE_STANDARD = "gnu++14";
				CLANG_CXX_LIBRARY = "libc++";
				CLANG_ENABLE_MODULES = YES;
				CLANG_ENABLE_OBJC_ARC = YES;
				CLANG_ENABLE_OBJC_WEAK = YES;
				CLANG_WARN_BLOCK_CAPTURE_AUTORELEASING = YES;
				CLANG_WARN_BOOL_CONVERSION = YES;
				CLANG_WARN_COMMA = YES;
				CLANG_WARN_CONSTANT_CONVERSION = YES;
				CLANG_WARN_DEPRECATED_OBJC_IMPLEMENTATIONS = YES;
				CLANG_WARN_DIRECT_OBJC_ISA_USAGE = YES_ERROR;
				CLANG_WARN_DOCUMENTATION_COMMENTS = YES;
				CLANG_WARN_EMPTY_BODY = YES;
				CLANG_WARN_ENUM_CONVERSION = YES;
				CLANG_WARN_INFINITE_RECURSION = YES;
				CLANG_WARN_INT_CONVERSION = YES;
				CLANG_WARN_NON_LITERAL_NULL_CONVERSION = YES;
				CLANG_WARN_OBJC_IMPLICIT_RETAIN_SELF = YES;
				CLANG_WARN_OBJC_LITERAL_CONVERSION = YES;
				CLANG_WARN_OBJC_ROOT_CLASS = YES_ERROR;
				CLANG_WARN_QUOTED_INCLUDE_IN_FRAMEWORK_HEADER = YES;
				CLANG_WARN_RANGE_LOOP_ANALYSIS = YES;
				CLANG_WARN_STRICT_PROTOTYPES = YES;
				CLANG_WARN_SUSPICIOUS_MOVE = YES;
				CLANG_WARN_UNGUARDED_AVAILABILITY = YES_AGGRESSIVE;
				CLANG_WARN_UNREACHABLE_CODE = YES;
				CLANG_WARN__DUPLICATE_METHOD_MATCH = YES;
				COPY_PHASE_STRIP = NO;
				DEBUG_INFORMATION_FORMAT = "dwarf-with-dsym";
				ENABLE_NS_ASSERTIONS = NO;
				ENABLE_STRICT_OBJC_MSGSEND = YES;
				GCC_C_LANGUAGE_STANDARD = gnu11;
				GCC_NO_COMMON_BLOCKS = YES;
				GCC_WARN_64_TO_32_BIT_CONVERSION = YES;
				GCC_WARN_ABOUT_RETURN_TYPE = YES_ERROR;
				GCC_WARN_UNDECLARED_SELECTOR = YES;
				GCC_WARN_UNINITIALIZED_AUTOS = YES_AGGRESSIVE;
				GCC_WARN_UNUSED_FUNCTION = YES;
				GCC_WARN_UNUSED_VARIABLE = YES;
				IPHONEOS_DEPLOYMENT_TARGET = 14.1;
				MTL_ENABLE_DEBUG_INFO = NO;
				MTL_FAST_MATH = YES;
				SDKROOT = iphoneos;
				SWIFT_COMPILATION_MODE = wholemodule;
				SWIFT_OPTIMIZATION_LEVEL = "-O";
				VALIDATE_PRODUCT = YES;
			};
			name = Release;
		};
		CF8D2B1725EC383C008FFBC6 /* Debug */ = {
			isa = XCBuildConfiguration;
			buildSettings = {
				ASSETCATALOG_COMPILER_APPICON_NAME = AppIcon;
				ASSETCATALOG_COMPILER_GLOBAL_ACCENT_COLOR_NAME = AccentColor;
				CODE_SIGN_STYLE = Automatic;
				DEVELOPMENT_ASSET_PATHS = "\"Social-Intervention/Preview Content\"";
				DEVELOPMENT_TEAM = M653Z67VV8;
				ENABLE_PREVIEWS = YES;
				INFOPLIST_FILE = "Social-Intervention/Info.plist";
				LD_RUNPATH_SEARCH_PATHS = (
					"$(inherited)",
					"@executable_path/Frameworks",
				);
				PRODUCT_BUNDLE_IDENTIFIER = "com.ucberkeleyhci.social-intervention";
				PRODUCT_NAME = "$(TARGET_NAME)";
				SWIFT_VERSION = 5.0;
				TARGETED_DEVICE_FAMILY = "1,2";
			};
			name = Debug;
		};
		CF8D2B1825EC383C008FFBC6 /* Release */ = {
			isa = XCBuildConfiguration;
			buildSettings = {
				ASSETCATALOG_COMPILER_APPICON_NAME = AppIcon;
				ASSETCATALOG_COMPILER_GLOBAL_ACCENT_COLOR_NAME = AccentColor;
				CODE_SIGN_STYLE = Automatic;
				DEVELOPMENT_ASSET_PATHS = "\"Social-Intervention/Preview Content\"";
				DEVELOPMENT_TEAM = M653Z67VV8;
				ENABLE_PREVIEWS = YES;
				INFOPLIST_FILE = "Social-Intervention/Info.plist";
				LD_RUNPATH_SEARCH_PATHS = (
					"$(inherited)",
					"@executable_path/Frameworks",
				);
				PRODUCT_BUNDLE_IDENTIFIER = "com.ucberkeleyhci.social-intervention";
				PRODUCT_NAME = "$(TARGET_NAME)";
				SWIFT_VERSION = 5.0;
				TARGETED_DEVICE_FAMILY = "1,2";
			};
			name = Release;
		};
		CF8D2B2625EC38F2008FFBC6 /* Debug */ = {
			isa = XCBuildConfiguration;
			buildSettings = {
				BUNDLE_LOADER = "$(TEST_HOST)";
				CODE_SIGN_STYLE = Automatic;
				DEVELOPMENT_TEAM = M653Z67VV8;
				INFOPLIST_FILE = "Social-InterventionTests/Info.plist";
				LD_RUNPATH_SEARCH_PATHS = (
					"$(inherited)",
					"@executable_path/Frameworks",
					"@loader_path/Frameworks",
				);
				PRODUCT_BUNDLE_IDENTIFIER = "com.jacksonchui.Social-InterventionTests";
				PRODUCT_NAME = "$(TARGET_NAME)";
				SWIFT_VERSION = 5.0;
				TARGETED_DEVICE_FAMILY = "1,2";
				TEST_HOST = "$(BUILT_PRODUCTS_DIR)/Social-Intervention.app/Social-Intervention";
			};
			name = Debug;
		};
		CF8D2B2725EC38F2008FFBC6 /* Release */ = {
			isa = XCBuildConfiguration;
			buildSettings = {
				BUNDLE_LOADER = "$(TEST_HOST)";
				CODE_SIGN_STYLE = Automatic;
				DEVELOPMENT_TEAM = M653Z67VV8;
				INFOPLIST_FILE = "Social-InterventionTests/Info.plist";
				LD_RUNPATH_SEARCH_PATHS = (
					"$(inherited)",
					"@executable_path/Frameworks",
					"@loader_path/Frameworks",
				);
				PRODUCT_BUNDLE_IDENTIFIER = "com.jacksonchui.Social-InterventionTests";
				PRODUCT_NAME = "$(TARGET_NAME)";
				SWIFT_VERSION = 5.0;
				TARGETED_DEVICE_FAMILY = "1,2";
				TEST_HOST = "$(BUILT_PRODUCTS_DIR)/Social-Intervention.app/Social-Intervention";
			};
			name = Release;
		};
/* End XCBuildConfiguration section */

/* Begin XCConfigurationList section */
		CF8D2AFD25EC383B008FFBC6 /* Build configuration list for PBXProject "Social-Intervention" */ = {
			isa = XCConfigurationList;
			buildConfigurations = (
				CF8D2B1425EC383C008FFBC6 /* Debug */,
				CF8D2B1525EC383C008FFBC6 /* Release */,
			);
			defaultConfigurationIsVisible = 0;
			defaultConfigurationName = Release;
		};
		CF8D2B1625EC383C008FFBC6 /* Build configuration list for PBXNativeTarget "Social-Intervention" */ = {
			isa = XCConfigurationList;
			buildConfigurations = (
				CF8D2B1725EC383C008FFBC6 /* Debug */,
				CF8D2B1825EC383C008FFBC6 /* Release */,
			);
			defaultConfigurationIsVisible = 0;
			defaultConfigurationName = Release;
		};
		CF8D2B2525EC38F2008FFBC6 /* Build configuration list for PBXNativeTarget "Social-InterventionTests" */ = {
			isa = XCConfigurationList;
			buildConfigurations = (
				CF8D2B2625EC38F2008FFBC6 /* Debug */,
				CF8D2B2725EC38F2008FFBC6 /* Release */,
			);
			defaultConfigurationIsVisible = 0;
			defaultConfigurationName = Release;
		};
/* End XCConfigurationList section */

/* Begin XCRemoteSwiftPackageReference section */
		CF2600D52600798A0028DC5B /* XCRemoteSwiftPackageReference "firebase-ios-sdk" */ = {
			isa = XCRemoteSwiftPackageReference;
			repositoryURL = "https://github.com/firebase/firebase-ios-sdk.git";
			requirement = {
				kind = upToNextMajorVersion;
				minimumVersion = 7.8.1;
			};
		};
/* End XCRemoteSwiftPackageReference section */

/* Begin XCSwiftPackageProductDependency section */
		CF2600D62600798A0028DC5B /* FirebaseAuth */ = {
			isa = XCSwiftPackageProductDependency;
			package = CF2600D52600798A0028DC5B /* XCRemoteSwiftPackageReference "firebase-ios-sdk" */;
			productName = FirebaseAuth;
		};
		CF2600D82600798A0028DC5B /* FirebaseFirestore */ = {
			isa = XCSwiftPackageProductDependency;
			package = CF2600D52600798A0028DC5B /* XCRemoteSwiftPackageReference "firebase-ios-sdk" */;
			productName = FirebaseFirestore;
		};
		CF2600DA2600798A0028DC5B /* FirebaseFirestoreSwift-Beta */ = {
			isa = XCSwiftPackageProductDependency;
			package = CF2600D52600798A0028DC5B /* XCRemoteSwiftPackageReference "firebase-ios-sdk" */;
			productName = "FirebaseFirestoreSwift-Beta";
		};
/* End XCSwiftPackageProductDependency section */
	};
	rootObject = CF8D2AFA25EC383B008FFBC6 /* Project object */;
}
