// !$*UTF8*$!
{
	archiveVersion = 1;
	classes = {
	};
	objectVersion = 50;
	objects = {

/* Begin PBXBuildFile section */
		CF8D2B0625EC383B008FFBC6 /* AppDelegate.swift in Sources */ = {isa = PBXBuildFile; fileRef = CF8D2B0525EC383B008FFBC6 /* AppDelegate.swift */; };
		CF8D2B0825EC383B008FFBC6 /* SceneDelegate.swift in Sources */ = {isa = PBXBuildFile; fileRef = CF8D2B0725EC383B008FFBC6 /* SceneDelegate.swift */; };
		CF8D2B0A25EC383B008FFBC6 /* ContentView.swift in Sources */ = {isa = PBXBuildFile; fileRef = CF8D2B0925EC383B008FFBC6 /* ContentView.swift */; };
		CF8D2B0C25EC383C008FFBC6 /* Assets.xcassets in Resources */ = {isa = PBXBuildFile; fileRef = CF8D2B0B25EC383C008FFBC6 /* Assets.xcassets */; };
		CF8D2B0F25EC383C008FFBC6 /* Preview Assets.xcassets in Resources */ = {isa = PBXBuildFile; fileRef = CF8D2B0E25EC383C008FFBC6 /* Preview Assets.xcassets */; };
		CF8D2B1225EC383C008FFBC6 /* LaunchScreen.storyboard in Resources */ = {isa = PBXBuildFile; fileRef = CF8D2B1025EC383C008FFBC6 /* LaunchScreen.storyboard */; };
		CF8D2B2125EC38F2008FFBC6 /* Social_InterventionTests.swift in Sources */ = {isa = PBXBuildFile; fileRef = CF8D2B2025EC38F2008FFBC6 /* Social_InterventionTests.swift */; };
/* End PBXBuildFile section */

/* Begin PBXContainerItemProxy section */
		CF8D2B2325EC38F2008FFBC6 /* PBXContainerItemProxy */ = {
			isa = PBXContainerItemProxy;
			containerPortal = CF8D2AFA25EC383B008FFBC6 /* Project object */;
			proxyType = 1;
			remoteGlobalIDString = CF8D2B0125EC383B008FFBC6;
			remoteInfo = "Social-Intervention";
		};
/* End PBXContainerItemProxy section */

/* Begin PBXFileReference section */
		CF8D2B0225EC383B008FFBC6 /* Social-Intervention.app */ = {isa = PBXFileReference; explicitFileType = wrapper.application; includeInIndex = 0; path = "Social-Intervention.app"; sourceTree = BUILT_PRODUCTS_DIR; };
		CF8D2B0525EC383B008FFBC6 /* AppDelegate.swift */ = {isa = PBXFileReference; lastKnownFileType = sourcecode.swift; path = AppDelegate.swift; sourceTree = "<group>"; };
		CF8D2B0725EC383B008FFBC6 /* SceneDelegate.swift */ = {isa = PBXFileReference; lastKnownFileType = sourcecode.swift; path = SceneDelegate.swift; sourceTree = "<group>"; };
		CF8D2B0925EC383B008FFBC6 /* ContentView.swift */ = {isa = PBXFileReference; lastKnownFileType = sourcecode.swift; path = ContentView.swift; sourceTree = "<group>"; };
		CF8D2B0B25EC383C008FFBC6 /* Assets.xcassets */ = {isa = PBXFileReference; lastKnownFileType = folder.assetcatalog; path = Assets.xcassets; sourceTree = "<group>"; };
		CF8D2B0E25EC383C008FFBC6 /* Preview Assets.xcassets */ = {isa = PBXFileReference; lastKnownFileType = folder.assetcatalog; path = "Preview Assets.xcassets"; sourceTree = "<group>"; };
		CF8D2B1125EC383C008FFBC6 /* Base */ = {isa = PBXFileReference; lastKnownFileType = file.storyboard; name = Base; path = Base.lproj/LaunchScreen.storyboard; sourceTree = "<group>"; };
		CF8D2B1325EC383C008FFBC6 /* Info.plist */ = {isa = PBXFileReference; lastKnownFileType = text.plist.xml; path = Info.plist; sourceTree = "<group>"; };
		CF8D2B1E25EC38F2008FFBC6 /* Social-InterventionTests.xctest */ = {isa = PBXFileReference; explicitFileType = wrapper.cfbundle; includeInIndex = 0; path = "Social-InterventionTests.xctest"; sourceTree = BUILT_PRODUCTS_DIR; };
		CF8D2B2025EC38F2008FFBC6 /* Social_InterventionTests.swift */ = {isa = PBXFileReference; lastKnownFileType = sourcecode.swift; path = Social_InterventionTests.swift; sourceTree = "<group>"; };
		CF8D2B2225EC38F2008FFBC6 /* Info.plist */ = {isa = PBXFileReference; lastKnownFileType = text.plist.xml; path = Info.plist; sourceTree = "<group>"; };
/* End PBXFileReference section */

/* Begin PBXFrameworksBuildPhase section */
		CF8D2AFF25EC383B008FFBC6 /* Frameworks */ = {
			isa = PBXFrameworksBuildPhase;
			buildActionMask = 2147483647;
			files = (
			);
			runOnlyForDeploymentPostprocessing = 0;
		};
		CF8D2B1B25EC38F2008FFBC6 /* Frameworks */ = {
			isa = PBXFrameworksBuildPhase;
			buildActionMask = 2147483647;
			files = (
			);
			runOnlyForDeploymentPostprocessing = 0;
		};
/* End PBXFrameworksBuildPhase section */

/* Begin PBXGroup section */
		CF8D2AF925EC383B008FFBC6 = {
			isa = PBXGroup;
			children = (
				CF8D2B0425EC383B008FFBC6 /* Social-Intervention */,
				CF8D2B1F25EC38F2008FFBC6 /* Social-InterventionTests */,
				CF8D2B0325EC383B008FFBC6 /* Products */,
			);
			sourceTree = "<group>";
		};
		CF8D2B0325EC383B008FFBC6 /* Products */ = {
			isa = PBXGroup;
			children = (
				CF8D2B0225EC383B008FFBC6 /* Social-Intervention.app */,
				CF8D2B1E25EC38F2008FFBC6 /* Social-InterventionTests.xctest */,
			);
			name = Products;
			sourceTree = "<group>";
		};
		CF8D2B0425EC383B008FFBC6 /* Social-Intervention */ = {
			isa = PBXGroup;
			children = (
				CF8D2B0525EC383B008FFBC6 /* AppDelegate.swift */,
				CF8D2B0725EC383B008FFBC6 /* SceneDelegate.swift */,
				CF8D2B0925EC383B008FFBC6 /* ContentView.swift */,
				CF8D2B0B25EC383C008FFBC6 /* Assets.xcassets */,
				CF8D2B1025EC383C008FFBC6 /* LaunchScreen.storyboard */,
				CF8D2B1325EC383C008FFBC6 /* Info.plist */,
				CF8D2B0D25EC383C008FFBC6 /* Preview Content */,
			);
			path = "Social-Intervention";
			sourceTree = "<group>";
		};
		CF8D2B0D25EC383C008FFBC6 /* Preview Content */ = {
			isa = PBXGroup;
			children = (
				CF8D2B0E25EC383C008FFBC6 /* Preview Assets.xcassets */,
			);
			path = "Preview Content";
			sourceTree = "<group>";
		};
		CF8D2B1F25EC38F2008FFBC6 /* Social-InterventionTests */ = {
			isa = PBXGroup;
			children = (
				CF8D2B2025EC38F2008FFBC6 /* Social_InterventionTests.swift */,
				CF8D2B2225EC38F2008FFBC6 /* Info.plist */,
			);
			path = "Social-InterventionTests";
			sourceTree = "<group>";
		};
/* End PBXGroup section */

/* Begin PBXNativeTarget section */
		CF8D2B0125EC383B008FFBC6 /* Social-Intervention */ = {
			isa = PBXNativeTarget;
			buildConfigurationList = CF8D2B1625EC383C008FFBC6 /* Build configuration list for PBXNativeTarget "Social-Intervention" */;
			buildPhases = (
				CF8D2AFE25EC383B008FFBC6 /* Sources */,
				CF8D2AFF25EC383B008FFBC6 /* Frameworks */,
				CF8D2B0025EC383B008FFBC6 /* Resources */,
			);
			buildRules = (
			);
			dependencies = (
			);
			name = "Social-Intervention";
			productName = "Social-Intervention";
			productReference = CF8D2B0225EC383B008FFBC6 /* Social-Intervention.app */;
			productType = "com.apple.product-type.application";
		};
		CF8D2B1D25EC38F2008FFBC6 /* Social-InterventionTests */ = {
			isa = PBXNativeTarget;
			buildConfigurationList = CF8D2B2525EC38F2008FFBC6 /* Build configuration list for PBXNativeTarget "Social-InterventionTests" */;
			buildPhases = (
				CF8D2B1A25EC38F2008FFBC6 /* Sources */,
				CF8D2B1B25EC38F2008FFBC6 /* Frameworks */,
				CF8D2B1C25EC38F2008FFBC6 /* Resources */,
			);
			buildRules = (
			);
			dependencies = (
				CF8D2B2425EC38F2008FFBC6 /* PBXTargetDependency */,
			);
			name = "Social-InterventionTests";
			productName = "Social-InterventionTests";
			productReference = CF8D2B1E25EC38F2008FFBC6 /* Social-InterventionTests.xctest */;
			productType = "com.apple.product-type.bundle.unit-test";
		};
/* End PBXNativeTarget section */

/* Begin PBXProject section */
		CF8D2AFA25EC383B008FFBC6 /* Project object */ = {
			isa = PBXProject;
			attributes = {
				LastSwiftUpdateCheck = 1240;
				LastUpgradeCheck = 1240;
				TargetAttributes = {
					CF8D2B0125EC383B008FFBC6 = {
						CreatedOnToolsVersion = 12.4;
					};
					CF8D2B1D25EC38F2008FFBC6 = {
						CreatedOnToolsVersion = 12.4;
						TestTargetID = CF8D2B0125EC383B008FFBC6;
					};
				};
			};
			buildConfigurationList = CF8D2AFD25EC383B008FFBC6 /* Build configuration list for PBXProject "Social-Intervention" */;
			compatibilityVersion = "Xcode 9.3";
			developmentRegion = en;
			hasScannedForEncodings = 0;
			knownRegions = (
				en,
				Base,
			);
			mainGroup = CF8D2AF925EC383B008FFBC6;
			productRefGroup = CF8D2B0325EC383B008FFBC6 /* Products */;
			projectDirPath = "";
			projectRoot = "";
			targets = (
				CF8D2B0125EC383B008FFBC6 /* Social-Intervention */,
				CF8D2B1D25EC38F2008FFBC6 /* Social-InterventionTests */,
			);
		};
/* End PBXProject section */

/* Begin PBXResourcesBuildPhase section */
		CF8D2B0025EC383B008FFBC6 /* Resources */ = {
			isa = PBXResourcesBuildPhase;
			buildActionMask = 2147483647;
			files = (
				CF8D2B1225EC383C008FFBC6 /* LaunchScreen.storyboard in Resources */,
				CF8D2B0F25EC383C008FFBC6 /* Preview Assets.xcassets in Resources */,
				CF8D2B0C25EC383C008FFBC6 /* Assets.xcassets in Resources */,
			);
			runOnlyForDeploymentPostprocessing = 0;
		};
		CF8D2B1C25EC38F2008FFBC6 /* Resources */ = {
			isa = PBXResourcesBuildPhase;
			buildActionMask = 2147483647;
			files = (
			);
			runOnlyForDeploymentPostprocessing = 0;
		};
/* End PBXResourcesBuildPhase section */

/* Begin PBXSourcesBuildPhase section */
		CF8D2AFE25EC383B008FFBC6 /* Sources */ = {
			isa = PBXSourcesBuildPhase;
			buildActionMask = 2147483647;
			files = (
				CF8D2B0625EC383B008FFBC6 /* AppDelegate.swift in Sources */,
				CF8D2B0825EC383B008FFBC6 /* SceneDelegate.swift in Sources */,
				CF8D2B0A25EC383B008FFBC6 /* ContentView.swift in Sources */,
			);
			runOnlyForDeploymentPostprocessing = 0;
		};
		CF8D2B1A25EC38F2008FFBC6 /* Sources */ = {
			isa = PBXSourcesBuildPhase;
			buildActionMask = 2147483647;
			files = (
				CF8D2B2125EC38F2008FFBC6 /* Social_InterventionTests.swift in Sources */,
			);
			runOnlyForDeploymentPostprocessing = 0;
		};
/* End PBXSourcesBuildPhase section */

/* Begin PBXTargetDependency section */
		CF8D2B2425EC38F2008FFBC6 /* PBXTargetDependency */ = {
			isa = PBXTargetDependency;
			target = CF8D2B0125EC383B008FFBC6 /* Social-Intervention */;
			targetProxy = CF8D2B2325EC38F2008FFBC6 /* PBXContainerItemProxy */;
		};
/* End PBXTargetDependency section */

/* Begin PBXVariantGroup section */
		CF8D2B1025EC383C008FFBC6 /* LaunchScreen.storyboard */ = {
			isa = PBXVariantGroup;
			children = (
				CF8D2B1125EC383C008FFBC6 /* Base */,
			);
			name = LaunchScreen.storyboard;
			sourceTree = "<group>";
		};
/* End PBXVariantGroup section */

/* Begin XCBuildConfiguration section */
		CF8D2B1425EC383C008FFBC6 /* Debug */ = {
			isa = XCBuildConfiguration;
			buildSettings = {
				ALWAYS_SEARCH_USER_PATHS = NO;
				CLANG_ANALYZER_NONNULL = YES;
				CLANG_ANALYZER_NUMBER_OBJECT_CONVERSION = YES_AGGRESSIVE;
				CLANG_CXX_LANGUAGE_STANDARD = "gnu++14";
				CLANG_CXX_LIBRARY = "libc++";
				CLANG_ENABLE_MODULES = YES;
				CLANG_ENABLE_OBJC_ARC = YES;
				CLANG_ENABLE_OBJC_WEAK = YES;
				CLANG_WARN_BLOCK_CAPTURE_AUTORELEASING = YES;
				CLANG_WARN_BOOL_CONVERSION = YES;
				CLANG_WARN_COMMA = YES;
				CLANG_WARN_CONSTANT_CONVERSION = YES;
				CLANG_WARN_DEPRECATED_OBJC_IMPLEMENTATIONS = YES;
				CLANG_WARN_DIRECT_OBJC_ISA_USAGE = YES_ERROR;
				CLANG_WARN_DOCUMENTATION_COMMENTS = YES;
				CLANG_WARN_EMPTY_BODY = YES;
				CLANG_WARN_ENUM_CONVERSION = YES;
				CLANG_WARN_INFINITE_RECURSION = YES;
				CLANG_WARN_INT_CONVERSION = YES;
				CLANG_WARN_NON_LITERAL_NULL_CONVERSION = YES;
				CLANG_WARN_OBJC_IMPLICIT_RETAIN_SELF = YES;
				CLANG_WARN_OBJC_LITERAL_CONVERSION = YES;
				CLANG_WARN_OBJC_ROOT_CLASS = YES_ERROR;
				CLANG_WARN_QUOTED_INCLUDE_IN_FRAMEWORK_HEADER = YES;
				CLANG_WARN_RANGE_LOOP_ANALYSIS = YES;
				CLANG_WARN_STRICT_PROTOTYPES = YES;
				CLANG_WARN_SUSPICIOUS_MOVE = YES;
				CLANG_WARN_UNGUARDED_AVAILABILITY = YES_AGGRESSIVE;
				CLANG_WARN_UNREACHABLE_CODE = YES;
				CLANG_WARN__DUPLICATE_METHOD_MATCH = YES;
				COPY_PHASE_STRIP = NO;
				DEBUG_INFORMATION_FORMAT = dwarf;
				ENABLE_STRICT_OBJC_MSGSEND = YES;
				ENABLE_TESTABILITY = YES;
				GCC_C_LANGUAGE_STANDARD = gnu11;
				GCC_DYNAMIC_NO_PIC = NO;
				GCC_NO_COMMON_BLOCKS = YES;
				GCC_OPTIMIZATION_LEVEL = 0;
				GCC_PREPROCESSOR_DEFINITIONS = (
					"DEBUG=1",
					"$(inherited)",
				);
				GCC_WARN_64_TO_32_BIT_CONVERSION = YES;
				GCC_WARN_ABOUT_RETURN_TYPE = YES_ERROR;
				GCC_WARN_UNDECLARED_SELECTOR = YES;
				GCC_WARN_UNINITIALIZED_AUTOS = YES_AGGRESSIVE;
				GCC_WARN_UNUSED_FUNCTION = YES;
				GCC_WARN_UNUSED_VARIABLE = YES;
				IPHONEOS_DEPLOYMENT_TARGET = 14.4;
				MTL_ENABLE_DEBUG_INFO = INCLUDE_SOURCE;
				MTL_FAST_MATH = YES;
				ONLY_ACTIVE_ARCH = YES;
				SDKROOT = iphoneos;
				SWIFT_ACTIVE_COMPILATION_CONDITIONS = DEBUG;
				SWIFT_OPTIMIZATION_LEVEL = "-Onone";
			};
			name = Debug;
		};
		CF8D2B1525EC383C008FFBC6 /* Release */ = {
			isa = XCBuildConfiguration;
			buildSettings = {
				ALWAYS_SEARCH_USER_PATHS = NO;
				CLANG_ANALYZER_NONNULL = YES;
				CLANG_ANALYZER_NUMBER_OBJECT_CONVERSION = YES_AGGRESSIVE;
				CLANG_CXX_LANGUAGE_STANDARD = "gnu++14";
				CLANG_CXX_LIBRARY = "libc++";
				CLANG_ENABLE_MODULES = YES;
				CLANG_ENABLE_OBJC_ARC = YES;
				CLANG_ENABLE_OBJC_WEAK = YES;
				CLANG_WARN_BLOCK_CAPTURE_AUTORELEASING = YES;
				CLANG_WARN_BOOL_CONVERSION = YES;
				CLANG_WARN_COMMA = YES;
				CLANG_WARN_CONSTANT_CONVERSION = YES;
				CLANG_WARN_DEPRECATED_OBJC_IMPLEMENTATIONS = YES;
				CLANG_WARN_DIRECT_OBJC_ISA_USAGE = YES_ERROR;
				CLANG_WARN_DOCUMENTATION_COMMENTS = YES;
				CLANG_WARN_EMPTY_BODY = YES;
				CLANG_WARN_ENUM_CONVERSION = YES;
				CLANG_WARN_INFINITE_RECURSION = YES;
				CLANG_WARN_INT_CONVERSION = YES;
				CLANG_WARN_NON_LITERAL_NULL_CONVERSION = YES;
				CLANG_WARN_OBJC_IMPLICIT_RETAIN_SELF = YES;
				CLANG_WARN_OBJC_LITERAL_CONVERSION = YES;
				CLANG_WARN_OBJC_ROOT_CLASS = YES_ERROR;
				CLANG_WARN_QUOTED_INCLUDE_IN_FRAMEWORK_HEADER = YES;
				CLANG_WARN_RANGE_LOOP_ANALYSIS = YES;
				CLANG_WARN_STRICT_PROTOTYPES = YES;
				CLANG_WARN_SUSPICIOUS_MOVE = YES;
				CLANG_WARN_UNGUARDED_AVAILABILITY = YES_AGGRESSIVE;
				CLANG_WARN_UNREACHABLE_CODE = YES;
				CLANG_WARN__DUPLICATE_METHOD_MATCH = YES;
				COPY_PHASE_STRIP = NO;
				DEBUG_INFORMATION_FORMAT = "dwarf-with-dsym";
				ENABLE_NS_ASSERTIONS = NO;
				ENABLE_STRICT_OBJC_MSGSEND = YES;
				GCC_C_LANGUAGE_STANDARD = gnu11;
				GCC_NO_COMMON_BLOCKS = YES;
				GCC_WARN_64_TO_32_BIT_CONVERSION = YES;
				GCC_WARN_ABOUT_RETURN_TYPE = YES_ERROR;
				GCC_WARN_UNDECLARED_SELECTOR = YES;
				GCC_WARN_UNINITIALIZED_AUTOS = YES_AGGRESSIVE;
				GCC_WARN_UNUSED_FUNCTION = YES;
				GCC_WARN_UNUSED_VARIABLE = YES;
				IPHONEOS_DEPLOYMENT_TARGET = 14.4;
				MTL_ENABLE_DEBUG_INFO = NO;
				MTL_FAST_MATH = YES;
				SDKROOT = iphoneos;
				SWIFT_COMPILATION_MODE = wholemodule;
				SWIFT_OPTIMIZATION_LEVEL = "-O";
				VALIDATE_PRODUCT = YES;
			};
			name = Release;
		};
		CF8D2B1725EC383C008FFBC6 /* Debug */ = {
			isa = XCBuildConfiguration;
			buildSettings = {
				ASSETCATALOG_COMPILER_APPICON_NAME = AppIcon;
				ASSETCATALOG_COMPILER_GLOBAL_ACCENT_COLOR_NAME = AccentColor;
				CODE_SIGN_STYLE = Automatic;
				DEVELOPMENT_ASSET_PATHS = "\"Social-Intervention/Preview Content\"";
				DEVELOPMENT_TEAM = M653Z67VV8;
				ENABLE_PREVIEWS = YES;
				INFOPLIST_FILE = "Social-Intervention/Info.plist";
				LD_RUNPATH_SEARCH_PATHS = (
					"$(inherited)",
					"@executable_path/Frameworks",
				);
				PRODUCT_BUNDLE_IDENTIFIER = "com.jacksonchui.Social-Intervention";
				PRODUCT_NAME = "$(TARGET_NAME)";
				SWIFT_VERSION = 5.0;
				TARGETED_DEVICE_FAMILY = "1,2";
			};
			name = Debug;
		};
		CF8D2B1825EC383C008FFBC6 /* Release */ = {
			isa = XCBuildConfiguration;
			buildSettings = {
				ASSETCATALOG_COMPILER_APPICON_NAME = AppIcon;
				ASSETCATALOG_COMPILER_GLOBAL_ACCENT_COLOR_NAME = AccentColor;
				CODE_SIGN_STYLE = Automatic;
				DEVELOPMENT_ASSET_PATHS = "\"Social-Intervention/Preview Content\"";
				DEVELOPMENT_TEAM = M653Z67VV8;
				ENABLE_PREVIEWS = YES;
				INFOPLIST_FILE = "Social-Intervention/Info.plist";
				LD_RUNPATH_SEARCH_PATHS = (
					"$(inherited)",
					"@executable_path/Frameworks",
				);
				PRODUCT_BUNDLE_IDENTIFIER = "com.jacksonchui.Social-Intervention";
				PRODUCT_NAME = "$(TARGET_NAME)";
				SWIFT_VERSION = 5.0;
				TARGETED_DEVICE_FAMILY = "1,2";
			};
			name = Release;
		};
		CF8D2B2625EC38F2008FFBC6 /* Debug */ = {
			isa = XCBuildConfiguration;
			buildSettings = {
				BUNDLE_LOADER = "$(TEST_HOST)";
				CODE_SIGN_STYLE = Automatic;
				DEVELOPMENT_TEAM = M653Z67VV8;
				INFOPLIST_FILE = "Social-InterventionTests/Info.plist";
				LD_RUNPATH_SEARCH_PATHS = (
					"$(inherited)",
					"@executable_path/Frameworks",
					"@loader_path/Frameworks",
				);
				PRODUCT_BUNDLE_IDENTIFIER = "com.jacksonchui.Social-InterventionTests";
				PRODUCT_NAME = "$(TARGET_NAME)";
				SWIFT_VERSION = 5.0;
				TARGETED_DEVICE_FAMILY = "1,2";
				TEST_HOST = "$(BUILT_PRODUCTS_DIR)/Social-Intervention.app/Social-Intervention";
			};
			name = Debug;
		};
		CF8D2B2725EC38F2008FFBC6 /* Release */ = {
			isa = XCBuildConfiguration;
			buildSettings = {
				BUNDLE_LOADER = "$(TEST_HOST)";
				CODE_SIGN_STYLE = Automatic;
				DEVELOPMENT_TEAM = M653Z67VV8;
				INFOPLIST_FILE = "Social-InterventionTests/Info.plist";
				LD_RUNPATH_SEARCH_PATHS = (
					"$(inherited)",
					"@executable_path/Frameworks",
					"@loader_path/Frameworks",
				);
				PRODUCT_BUNDLE_IDENTIFIER = "com.jacksonchui.Social-InterventionTests";
				PRODUCT_NAME = "$(TARGET_NAME)";
				SWIFT_VERSION = 5.0;
				TARGETED_DEVICE_FAMILY = "1,2";
				TEST_HOST = "$(BUILT_PRODUCTS_DIR)/Social-Intervention.app/Social-Intervention";
			};
			name = Release;
		};
/* End XCBuildConfiguration section */

/* Begin XCConfigurationList section */
		CF8D2AFD25EC383B008FFBC6 /* Build configuration list for PBXProject "Social-Intervention" */ = {
			isa = XCConfigurationList;
			buildConfigurations = (
				CF8D2B1425EC383C008FFBC6 /* Debug */,
				CF8D2B1525EC383C008FFBC6 /* Release */,
			);
			defaultConfigurationIsVisible = 0;
			defaultConfigurationName = Release;
		};
		CF8D2B1625EC383C008FFBC6 /* Build configuration list for PBXNativeTarget "Social-Intervention" */ = {
			isa = XCConfigurationList;
			buildConfigurations = (
				CF8D2B1725EC383C008FFBC6 /* Debug */,
				CF8D2B1825EC383C008FFBC6 /* Release */,
			);
			defaultConfigurationIsVisible = 0;
			defaultConfigurationName = Release;
		};
		CF8D2B2525EC38F2008FFBC6 /* Build configuration list for PBXNativeTarget "Social-InterventionTests" */ = {
			isa = XCConfigurationList;
			buildConfigurations = (
				CF8D2B2625EC38F2008FFBC6 /* Debug */,
				CF8D2B2725EC38F2008FFBC6 /* Release */,
			);
			defaultConfigurationIsVisible = 0;
			defaultConfigurationName = Release;
		};
/* End XCConfigurationList section */
	};
	rootObject = CF8D2AFA25EC383B008FFBC6 /* Project object */;
}
